
Microsoft Visual Studio Solution File, Format Version 12.00
# Visual Studio Version 16
VisualStudioVersion = 16.0.31321.278
MinimumVisualStudioVersion = 10.0.40219.1
Project("{FAE04EC0-301F-11D3-BF4B-00C04F79EFBC}") = "AplicacionesArduino2021-II-G3", "AplicacionesArduino2021-II-G3.csproj", "{2A16BFE4-746E-4C21-8AA7-96FE02BFCED9}"
EndProject
Global
	GlobalSection(SolutionConfigurationPlatforms) = preSolution
		Debug|Any CPU = Debug|Any CPU
		Release|Any CPU = Release|Any CPU
	EndGlobalSection
	GlobalSection(ProjectConfigurationPlatforms) = postSolution
		{2A16BFE4-746E-4C21-8AA7-96FE02BFCED9}.Debug|Any CPU.ActiveCfg = Debug|Any CPU
		{2A16BFE4-746E-4C21-8AA7-96FE02BFCED9}.Debug|Any CPU.Build.0 = Debug|Any CPU
		{2A16BFE4-746E-4C21-8AA7-96FE02BFCED9}.Release|Any CPU.ActiveCfg = Release|Any CPU
		{2A16BFE4-746E-4C21-8AA7-96FE02BFCED9}.Release|Any CPU.Build.0 = Release|Any CPU
	EndGlobalSection
	GlobalSection(SolutionProperties) = preSolution
		HideSolutionNode = FALSE
	EndGlobalSection
	GlobalSection(ExtensibilityGlobals) = postSolution
		SolutionGuid = {ACFB99A6-F941-4E3D-BEB5-9563D02CBBD4}
	EndGlobalSection
EndGlobal
